
Microsoft Visual Studio Solution File, Format Version 12.00
# Visual Studio 2013
VisualStudioVersion = 12.0.31101.0
MinimumVisualStudioVersion = 10.0.40219.1
Project("{FAE04EC0-301F-11D3-BF4B-00C04F79EFBC}") = "01.School", "01.School\01.School.csproj", "{A0FBECFC-A48A-4822-8ACA-B42603546CDD}"
EndProject
Project("{FAE04EC0-301F-11D3-BF4B-00C04F79EFBC}") = "02.StudentsAndWorkers", "StudentsAndWorkers\02.StudentsAndWorkers.csproj", "{AF79FE79-D01B-48C4-9365-68D6B94FB82B}"
EndProject
Project("{FAE04EC0-301F-11D3-BF4B-00C04F79EFBC}") = "03.AnimalHierarchy", "03.AnimalHierarchy\03.AnimalHierarchy.csproj", "{5FF71953-5270-4B9E-A8A0-29E8E28EA7B9}"
EndProject
Global
	GlobalSection(SolutionConfigurationPlatforms) = preSolution
		Debug|Any CPU = Debug|Any CPU
		Release|Any CPU = Release|Any CPU
	EndGlobalSection
	GlobalSection(ProjectConfigurationPlatforms) = postSolution
		{A0FBECFC-A48A-4822-8ACA-B42603546CDD}.Debug|Any CPU.ActiveCfg = Debug|Any CPU
		{A0FBECFC-A48A-4822-8ACA-B42603546CDD}.Debug|Any CPU.Build.0 = Debug|Any CPU
		{A0FBECFC-A48A-4822-8ACA-B42603546CDD}.Release|Any CPU.ActiveCfg = Release|Any CPU
		{A0FBECFC-A48A-4822-8ACA-B42603546CDD}.Release|Any CPU.Build.0 = Release|Any CPU
		{AF79FE79-D01B-48C4-9365-68D6B94FB82B}.Debug|Any CPU.ActiveCfg = Debug|Any CPU
		{AF79FE79-D01B-48C4-9365-68D6B94FB82B}.Debug|Any CPU.Build.0 = Debug|Any CPU
		{AF79FE79-D01B-48C4-9365-68D6B94FB82B}.Release|Any CPU.ActiveCfg = Release|Any CPU
		{AF79FE79-D01B-48C4-9365-68D6B94FB82B}.Release|Any CPU.Build.0 = Release|Any CPU
		{5FF71953-5270-4B9E-A8A0-29E8E28EA7B9}.Debug|Any CPU.ActiveCfg = Debug|Any CPU
		{5FF71953-5270-4B9E-A8A0-29E8E28EA7B9}.Debug|Any CPU.Build.0 = Debug|Any CPU
		{5FF71953-5270-4B9E-A8A0-29E8E28EA7B9}.Release|Any CPU.ActiveCfg = Release|Any CPU
		{5FF71953-5270-4B9E-A8A0-29E8E28EA7B9}.Release|Any CPU.Build.0 = Release|Any CPU
	EndGlobalSection
	GlobalSection(SolutionProperties) = preSolution
		HideSolutionNode = FALSE
	EndGlobalSection
EndGlobal
