
Microsoft Visual Studio Solution File, Format Version 12.00
# Visual Studio 2013
VisualStudioVersion = 12.0.31101.0
MinimumVisualStudioVersion = 10.0.40219.1
Project("{FAE04EC0-301F-11D3-BF4B-00C04F79EFBC}") = "01.BasicBasic", "01.BasicBasic\01.BasicBasic.csproj", "{CB6106BE-C89D-4DC3-9DBB-203D9C4F2062}"
EndProject
Project("{FAE04EC0-301F-11D3-BF4B-00C04F79EFBC}") = "02.Crossword", "02.Crossword\02.Crossword.csproj", "{881C6427-4E1A-4824-8A11-778BD39E004F}"
EndProject
Project("{FAE04EC0-301F-11D3-BF4B-00C04F79EFBC}") = "01.StrangeLandNumbers", "01.StrangeLandNumbers\01.StrangeLandNumbers.csproj", "{B8D5C046-918F-459B-8358-6BA66B7E88D4}"
EndProject
Project("{FAE04EC0-301F-11D3-BF4B-00C04F79EFBC}") = "02.TwoGirlsOnePath", "02.TwoGirlsOnePath\02.TwoGirlsOnePath.csproj", "{C8DB661E-0AEE-44C8-9B6F-4348F27BF760}"
EndProject
Project("{FAE04EC0-301F-11D3-BF4B-00C04F79EFBC}") = "Digits", "Digits\Digits.csproj", "{A2136BAF-B430-4BAF-970E-8B78681C2E74}"
EndProject
Project("{FAE04EC0-301F-11D3-BF4B-00C04F79EFBC}") = "RevelanceIndex", "RevelanceIndex\RevelanceIndex.csproj", "{21BCAD58-DFBE-490B-9427-08BD3920C940}"
EndProject
Project("{FAE04EC0-301F-11D3-BF4B-00C04F79EFBC}") = "RelevanceIndexAuthorized", "RelevanceIndexAuthorized\RelevanceIndexAuthorized.csproj", "{DD4349B8-38E3-42F1-959B-E3A8326D730F}"
EndProject
Project("{FAE04EC0-301F-11D3-BF4B-00C04F79EFBC}") = "05.DogeCoin", "05.DogeCoin\05.DogeCoin.csproj", "{05099EEA-0872-4A01-AA98-6058BF4C7DC8}"
EndProject
Project("{FAE04EC0-301F-11D3-BF4B-00C04F79EFBC}") = "01.Tres4Numbers", "01.Tres4Numbers\01.Tres4Numbers.csproj", "{A7D946EB-FBCA-4C07-A59E-69F925AEEEAD}"
EndProject
Project("{FAE04EC0-301F-11D3-BF4B-00C04F79EFBC}") = "03.Pattern", "03.Pattern\03.Pattern.csproj", "{C944DA33-3A59-4D8C-8D3C-9C219F765ED6}"
EndProject
Project("{FAE04EC0-301F-11D3-BF4B-00C04F79EFBC}") = "04.VariableLengthCode", "04.VariableLengthCode\04.VariableLengthCode.csproj", "{4DE519C7-F346-4697-B3B0-BB3B6559C376}"
EndProject
Project("{FAE04EC0-301F-11D3-BF4B-00C04F79EFBC}") = "05.HelpDoge", "05.HelpDoge\05.HelpDoge.csproj", "{08286445-F714-4291-94B3-D3FF88376594}"
EndProject
Project("{FAE04EC0-301F-11D3-BF4B-00C04F79EFBC}") = "01.Zerg", "01.Zerg\01.Zerg.csproj", "{DB4EF7DA-7E32-4E24-9D05-1B2D030687ED}"
EndProject
Project("{FAE04EC0-301F-11D3-BF4B-00C04F79EFBC}") = "02.MovingLetters", "02.MovingLetters\02.MovingLetters.csproj", "{9395642A-4851-4C52-9579-B5000A6C4F83}"
EndProject
Project("{FAE04EC0-301F-11D3-BF4B-00C04F79EFBC}") = "02.MovingLettersAuthorized", "02.MovingLettersAuthorized\02.MovingLettersAuthorized.csproj", "{E6FA6EA4-A819-439A-BD67-F1880416CF22}"
EndProject
Project("{FAE04EC0-301F-11D3-BF4B-00C04F79EFBC}") = "04.EncodeAndEncrypt", "04.EncodeAndEncrypt\04.EncodeAndEncrypt.csproj", "{54A2CBDE-BFCC-44E7-BB80-735B31B0E7D1}"
EndProject
Project("{FAE04EC0-301F-11D3-BF4B-00C04F79EFBC}") = "04.EncodeAndEncryptAuthorized", "04.EncodeAndEncryptAuthorized\04.EncodeAndEncryptAuthorized.csproj", "{0CE6CE83-05BF-46A6-B93D-D10C3833F8DC}"
EndProject
Project("{FAE04EC0-301F-11D3-BF4B-00C04F79EFBC}") = "05.TheyAreGreen", "05.TheyAreGreen\05.TheyAreGreen.csproj", "{2FE47BEF-A536-47DC-937A-F2EBF2470263}"
EndProject
Project("{FAE04EC0-301F-11D3-BF4B-00C04F79EFBC}") = "05.FeaturingWithGrisko", "05.FeaturingWithGrisko\05.FeaturingWithGrisko.csproj", "{11D2E420-E66A-4B63-88B4-387810FA91DF}"
EndProject
Project("{FAE04EC0-301F-11D3-BF4B-00C04F79EFBC}") = "02.MagicWords", "02.MagicWords\02.MagicWords.csproj", "{D06A78C7-3F3E-486A-B851-9C705B32ADF3}"
EndProject
Project("{FAE04EC0-301F-11D3-BF4B-00C04F79EFBC}") = "04.DecodeAndDecrypt", "04.DecodeAndDecrypt\04.DecodeAndDecrypt.csproj", "{96753959-0ECA-41E1-8D03-86497C267CB8}"
EndProject
Project("{FAE04EC0-301F-11D3-BF4B-00C04F79EFBC}") = "04.FTML", "04.FTML\04.FTML.csproj", "{31608B7D-237E-4565-A4E0-1C9CA7023E12}"
EndProject
Project("{FAE04EC0-301F-11D3-BF4B-00C04F79EFBC}") = "05.SpecialValue", "05.SpecialValue\05.SpecialValue.csproj", "{019CF2BD-A8B9-4437-B01B-7733CF27DB4C}"
EndProject
Project("{FAE04EC0-301F-11D3-BF4B-00C04F79EFBC}") = "01.9GagNumbers", "01.9GagNumbers\01.9GagNumbers.csproj", "{DAFDCA8B-A57F-4496-A4C8-39403A956507}"
EndProject
Project("{FAE04EC0-301F-11D3-BF4B-00C04F79EFBC}") = "ThreeTasksInOne", "ThreeTasksInOne\ThreeTasksInOne.csproj", "{99E7E522-F52B-40B0-B757-A62ADA55C916}"
EndProject
Project("{FAE04EC0-301F-11D3-BF4B-00C04F79EFBC}") = "03.KukataIsDancing", "03.KukataIsDancing\03.KukataIsDancing.csproj", "{55679B4E-2818-41C7-8007-5B192FC48C6B}"
EndProject
Project("{FAE04EC0-301F-11D3-BF4B-00C04F79EFBC}") = "01.DurankulaklNumbers", "01.DurankulaklNumbers\01.DurankulaklNumbers.csproj", "{69F17C7F-ED14-46EA-B05E-561CF03FE3C4}"
EndProject
Project("{FAE04EC0-301F-11D3-BF4B-00C04F79EFBC}") = "02.JoroTheRabbit", "02.JoroTheRabbit\02.JoroTheRabbit.csproj", "{8BB9D1AE-97E2-4A72-BC82-1BA64D33CA4E}"
EndProject
Project("{FAE04EC0-301F-11D3-BF4B-00C04F79EFBC}") = "03.LaserInikod4", "03.LaserInikod4\03.LaserInikod4.csproj", "{E75B6560-E987-4008-817F-506ACC3B056C}"
EndProject
Project("{FAE04EC0-301F-11D3-BF4B-00C04F79EFBC}") = "03.LaserEvlogi", "03.LaserEvlogi\03.LaserEvlogi.csproj", "{7E65ACB3-8E6C-421F-B0E3-CF4F3C931AC6}"
EndProject
Project("{FAE04EC0-301F-11D3-BF4B-00C04F79EFBC}") = "04.CSharpBrackets", "04.CSharpBrackets\04.CSharpBrackets.csproj", "{D5226D71-6244-453D-AE2E-C1CA772F8417}"
EndProject
Project("{FAE04EC0-301F-11D3-BF4B-00C04F79EFBC}") = "05.TwoIsBetterThanOne", "05.TwoIsBetterThanOne\05.TwoIsBetterThanOne.csproj", "{FF5EE6C8-6BE8-4C1A-912F-202E28A51D46}"
EndProject
Project("{FAE04EC0-301F-11D3-BF4B-00C04F79EFBC}") = "01KaspichanNumbers", "01KaspichanNumbers\01KaspichanNumbers.csproj", "{104DDA79-1B8F-42D2-967D-A1C5465BA8C4}"
EndProject
Project("{FAE04EC0-301F-11D3-BF4B-00C04F79EFBC}") = "02.GreedyDwarf", "02.GreedyDwarf\02.GreedyDwarf.csproj", "{422671AA-8039-4E05-AC32-D773714A1425}"
EndProject
Project("{FAE04EC0-301F-11D3-BF4B-00C04F79EFBC}") = "03.Slides", "03.Slides\03.Slides.csproj", "{E818BCBE-BA75-4AEC-9A13-415D8FEACB32}"
EndProject
Project("{FAE04EC0-301F-11D3-BF4B-00C04F79EFBC}") = "04.ConsoleJustification", "04.ConsoleJustification\04.ConsoleJustification.csproj", "{309D17CD-A3C9-4872-B788-42A077A0F4A7}"
EndProject
Project("{FAE04EC0-301F-11D3-BF4B-00C04F79EFBC}") = "05.OneTaskIsNotEnough", "05.OneTaskIsNotEnough\05.OneTaskIsNotEnough.csproj", "{FF88C219-C814-4748-BE22-FD8AC69B6C51}"
EndProject
Project("{FAE04EC0-301F-11D3-BF4B-00C04F79EFBC}") = "03.Indices", "03.Indices\03.Indices.csproj", "{5B759760-879E-4754-96D8-3295722D3580}"
EndProject
Project("{FAE04EC0-301F-11D3-BF4B-00C04F79EFBC}") = "04.BracketsEvlogi", "04.BracketsEvlogi\04.BracketsEvlogi.csproj", "{554D39F8-3774-48BA-8BE2-544A271B7EEA}"
EndProject
Project("{FAE04EC0-301F-11D3-BF4B-00C04F79EFBC}") = "01.BasicLanguage", "01.BasicLanguage\01.BasicLanguage.csproj", "{6B90B546-3884-4D3B-974B-385A5790A296}"
EndProject
Project("{FAE04EC0-301F-11D3-BF4B-00C04F79EFBC}") = "PHPvariables1st", "PHPvariables1st\PHPvariables1st.csproj", "{6D0212A6-FCE4-4795-B76A-3C200213A43B}"
EndProject
Project("{FAE04EC0-301F-11D3-BF4B-00C04F79EFBC}") = "Tubes", "Tubes\Tubes.csproj", "{980EB978-3E1F-46D6-827A-4CBB0C5C0074}"
EndProject
Project("{FAE04EC0-301F-11D3-BF4B-00C04F79EFBC}") = "3DStars", "3DStars\3DStars.csproj", "{F65C5EBB-1A28-4673-AC2D-08C623919AFD}"
EndProject
Project("{FAE04EC0-301F-11D3-BF4B-00C04F79EFBC}") = "05.BracketsDP", "05.BracketsDP\05.BracketsDP.csproj", "{3878EDEB-535F-44FE-AC92-EBCCAB0E2703}"
EndProject
Project("{FAE04EC0-301F-11D3-BF4B-00C04F79EFBC}") = "02.BunnyFactory", "02.BunnyFactory\02.BunnyFactory.csproj", "{7AEC31D5-4EA2-4905-8EA1-314290AA5C0C}"
EndProject
Project("{FAE04EC0-301F-11D3-BF4B-00C04F79EFBC}") = "05.Guitar", "05.Guitar\05.Guitar.csproj", "{57ED0EE2-080C-4E24-881E-7C40A7722163}"
EndProject
Project("{FAE04EC0-301F-11D3-BF4B-00C04F79EFBC}") = "03.Trails3D", "03.Trails3D\03.Trails3D.csproj", "{A7EC9693-D885-4833-8A83-F8E83AFF8BFA}"
EndProject
Project("{FAE04EC0-301F-11D3-BF4B-00C04F79EFBC}") = "01.Cat", "01.Cat\01.Cat.csproj", "{76B808A5-1095-433A-9A3A-41740EB8EF26}"
EndProject
Project("{FAE04EC0-301F-11D3-BF4B-00C04F79EFBC}") = "00.Sequences", "00.Sequences\00.Sequences.csproj", "{0B4683B4-269E-4413-8EBC-79BAFABCF17E}"
EndProject
Project("{FAE04EC0-301F-11D3-BF4B-00C04F79EFBC}") = "01.CalculationProblem", "01.CalculationProblem\01.CalculationProblem.csproj", "{9A60B276-B63E-4B1A-A683-BD671F9DBC43}"
EndProject
Project("{FAE04EC0-301F-11D3-BF4B-00C04F79EFBC}") = "EvenDifferences", "EvenDifferences\EvenDifferences.csproj", "{0839D343-11E3-43F7-9346-923E44AB64CC}"
EndProject
Project("{FAE04EC0-301F-11D3-BF4B-00C04F79EFBC}") = "05.BadCat", "05.BadCat\05.BadCat.csproj", "{15B402B1-6EC9-40A4-A47E-940D8C20CFB9}"
EndProject
Global
	GlobalSection(SolutionConfigurationPlatforms) = preSolution
		Debug|Any CPU = Debug|Any CPU
		Release|Any CPU = Release|Any CPU
	EndGlobalSection
	GlobalSection(ProjectConfigurationPlatforms) = postSolution
		{CB6106BE-C89D-4DC3-9DBB-203D9C4F2062}.Debug|Any CPU.ActiveCfg = Debug|Any CPU
		{CB6106BE-C89D-4DC3-9DBB-203D9C4F2062}.Debug|Any CPU.Build.0 = Debug|Any CPU
		{CB6106BE-C89D-4DC3-9DBB-203D9C4F2062}.Release|Any CPU.ActiveCfg = Release|Any CPU
		{CB6106BE-C89D-4DC3-9DBB-203D9C4F2062}.Release|Any CPU.Build.0 = Release|Any CPU
		{881C6427-4E1A-4824-8A11-778BD39E004F}.Debug|Any CPU.ActiveCfg = Debug|Any CPU
		{881C6427-4E1A-4824-8A11-778BD39E004F}.Debug|Any CPU.Build.0 = Debug|Any CPU
		{881C6427-4E1A-4824-8A11-778BD39E004F}.Release|Any CPU.ActiveCfg = Release|Any CPU
		{881C6427-4E1A-4824-8A11-778BD39E004F}.Release|Any CPU.Build.0 = Release|Any CPU
		{B8D5C046-918F-459B-8358-6BA66B7E88D4}.Debug|Any CPU.ActiveCfg = Debug|Any CPU
		{B8D5C046-918F-459B-8358-6BA66B7E88D4}.Debug|Any CPU.Build.0 = Debug|Any CPU
		{B8D5C046-918F-459B-8358-6BA66B7E88D4}.Release|Any CPU.ActiveCfg = Release|Any CPU
		{B8D5C046-918F-459B-8358-6BA66B7E88D4}.Release|Any CPU.Build.0 = Release|Any CPU
		{C8DB661E-0AEE-44C8-9B6F-4348F27BF760}.Debug|Any CPU.ActiveCfg = Debug|Any CPU
		{C8DB661E-0AEE-44C8-9B6F-4348F27BF760}.Debug|Any CPU.Build.0 = Debug|Any CPU
		{C8DB661E-0AEE-44C8-9B6F-4348F27BF760}.Release|Any CPU.ActiveCfg = Release|Any CPU
		{C8DB661E-0AEE-44C8-9B6F-4348F27BF760}.Release|Any CPU.Build.0 = Release|Any CPU
		{A2136BAF-B430-4BAF-970E-8B78681C2E74}.Debug|Any CPU.ActiveCfg = Debug|Any CPU
		{A2136BAF-B430-4BAF-970E-8B78681C2E74}.Debug|Any CPU.Build.0 = Debug|Any CPU
		{A2136BAF-B430-4BAF-970E-8B78681C2E74}.Release|Any CPU.ActiveCfg = Release|Any CPU
		{A2136BAF-B430-4BAF-970E-8B78681C2E74}.Release|Any CPU.Build.0 = Release|Any CPU
		{21BCAD58-DFBE-490B-9427-08BD3920C940}.Debug|Any CPU.ActiveCfg = Debug|Any CPU
		{21BCAD58-DFBE-490B-9427-08BD3920C940}.Debug|Any CPU.Build.0 = Debug|Any CPU
		{21BCAD58-DFBE-490B-9427-08BD3920C940}.Release|Any CPU.ActiveCfg = Release|Any CPU
		{21BCAD58-DFBE-490B-9427-08BD3920C940}.Release|Any CPU.Build.0 = Release|Any CPU
		{DD4349B8-38E3-42F1-959B-E3A8326D730F}.Debug|Any CPU.ActiveCfg = Debug|Any CPU
		{DD4349B8-38E3-42F1-959B-E3A8326D730F}.Debug|Any CPU.Build.0 = Debug|Any CPU
		{DD4349B8-38E3-42F1-959B-E3A8326D730F}.Release|Any CPU.ActiveCfg = Release|Any CPU
		{DD4349B8-38E3-42F1-959B-E3A8326D730F}.Release|Any CPU.Build.0 = Release|Any CPU
		{05099EEA-0872-4A01-AA98-6058BF4C7DC8}.Debug|Any CPU.ActiveCfg = Debug|Any CPU
		{05099EEA-0872-4A01-AA98-6058BF4C7DC8}.Debug|Any CPU.Build.0 = Debug|Any CPU
		{05099EEA-0872-4A01-AA98-6058BF4C7DC8}.Release|Any CPU.ActiveCfg = Release|Any CPU
		{05099EEA-0872-4A01-AA98-6058BF4C7DC8}.Release|Any CPU.Build.0 = Release|Any CPU
		{A7D946EB-FBCA-4C07-A59E-69F925AEEEAD}.Debug|Any CPU.ActiveCfg = Debug|Any CPU
		{A7D946EB-FBCA-4C07-A59E-69F925AEEEAD}.Debug|Any CPU.Build.0 = Debug|Any CPU
		{A7D946EB-FBCA-4C07-A59E-69F925AEEEAD}.Release|Any CPU.ActiveCfg = Release|Any CPU
		{A7D946EB-FBCA-4C07-A59E-69F925AEEEAD}.Release|Any CPU.Build.0 = Release|Any CPU
		{C944DA33-3A59-4D8C-8D3C-9C219F765ED6}.Debug|Any CPU.ActiveCfg = Debug|Any CPU
		{C944DA33-3A59-4D8C-8D3C-9C219F765ED6}.Debug|Any CPU.Build.0 = Debug|Any CPU
		{C944DA33-3A59-4D8C-8D3C-9C219F765ED6}.Release|Any CPU.ActiveCfg = Release|Any CPU
		{C944DA33-3A59-4D8C-8D3C-9C219F765ED6}.Release|Any CPU.Build.0 = Release|Any CPU
		{4DE519C7-F346-4697-B3B0-BB3B6559C376}.Debug|Any CPU.ActiveCfg = Debug|Any CPU
		{4DE519C7-F346-4697-B3B0-BB3B6559C376}.Debug|Any CPU.Build.0 = Debug|Any CPU
		{4DE519C7-F346-4697-B3B0-BB3B6559C376}.Release|Any CPU.ActiveCfg = Release|Any CPU
		{4DE519C7-F346-4697-B3B0-BB3B6559C376}.Release|Any CPU.Build.0 = Release|Any CPU
		{08286445-F714-4291-94B3-D3FF88376594}.Debug|Any CPU.ActiveCfg = Debug|Any CPU
		{08286445-F714-4291-94B3-D3FF88376594}.Debug|Any CPU.Build.0 = Debug|Any CPU
		{08286445-F714-4291-94B3-D3FF88376594}.Release|Any CPU.ActiveCfg = Release|Any CPU
		{08286445-F714-4291-94B3-D3FF88376594}.Release|Any CPU.Build.0 = Release|Any CPU
		{DB4EF7DA-7E32-4E24-9D05-1B2D030687ED}.Debug|Any CPU.ActiveCfg = Debug|Any CPU
		{DB4EF7DA-7E32-4E24-9D05-1B2D030687ED}.Debug|Any CPU.Build.0 = Debug|Any CPU
		{DB4EF7DA-7E32-4E24-9D05-1B2D030687ED}.Release|Any CPU.ActiveCfg = Release|Any CPU
		{DB4EF7DA-7E32-4E24-9D05-1B2D030687ED}.Release|Any CPU.Build.0 = Release|Any CPU
		{9395642A-4851-4C52-9579-B5000A6C4F83}.Debug|Any CPU.ActiveCfg = Debug|Any CPU
		{9395642A-4851-4C52-9579-B5000A6C4F83}.Debug|Any CPU.Build.0 = Debug|Any CPU
		{9395642A-4851-4C52-9579-B5000A6C4F83}.Release|Any CPU.ActiveCfg = Release|Any CPU
		{9395642A-4851-4C52-9579-B5000A6C4F83}.Release|Any CPU.Build.0 = Release|Any CPU
		{E6FA6EA4-A819-439A-BD67-F1880416CF22}.Debug|Any CPU.ActiveCfg = Debug|Any CPU
		{E6FA6EA4-A819-439A-BD67-F1880416CF22}.Debug|Any CPU.Build.0 = Debug|Any CPU
		{E6FA6EA4-A819-439A-BD67-F1880416CF22}.Release|Any CPU.ActiveCfg = Release|Any CPU
		{E6FA6EA4-A819-439A-BD67-F1880416CF22}.Release|Any CPU.Build.0 = Release|Any CPU
		{54A2CBDE-BFCC-44E7-BB80-735B31B0E7D1}.Debug|Any CPU.ActiveCfg = Debug|Any CPU
		{54A2CBDE-BFCC-44E7-BB80-735B31B0E7D1}.Debug|Any CPU.Build.0 = Debug|Any CPU
		{54A2CBDE-BFCC-44E7-BB80-735B31B0E7D1}.Release|Any CPU.ActiveCfg = Release|Any CPU
		{54A2CBDE-BFCC-44E7-BB80-735B31B0E7D1}.Release|Any CPU.Build.0 = Release|Any CPU
		{0CE6CE83-05BF-46A6-B93D-D10C3833F8DC}.Debug|Any CPU.ActiveCfg = Debug|Any CPU
		{0CE6CE83-05BF-46A6-B93D-D10C3833F8DC}.Debug|Any CPU.Build.0 = Debug|Any CPU
		{0CE6CE83-05BF-46A6-B93D-D10C3833F8DC}.Release|Any CPU.ActiveCfg = Release|Any CPU
		{0CE6CE83-05BF-46A6-B93D-D10C3833F8DC}.Release|Any CPU.Build.0 = Release|Any CPU
		{2FE47BEF-A536-47DC-937A-F2EBF2470263}.Debug|Any CPU.ActiveCfg = Debug|Any CPU
		{2FE47BEF-A536-47DC-937A-F2EBF2470263}.Debug|Any CPU.Build.0 = Debug|Any CPU
		{2FE47BEF-A536-47DC-937A-F2EBF2470263}.Release|Any CPU.ActiveCfg = Release|Any CPU
		{2FE47BEF-A536-47DC-937A-F2EBF2470263}.Release|Any CPU.Build.0 = Release|Any CPU
		{11D2E420-E66A-4B63-88B4-387810FA91DF}.Debug|Any CPU.ActiveCfg = Debug|Any CPU
		{11D2E420-E66A-4B63-88B4-387810FA91DF}.Debug|Any CPU.Build.0 = Debug|Any CPU
		{11D2E420-E66A-4B63-88B4-387810FA91DF}.Release|Any CPU.ActiveCfg = Release|Any CPU
		{11D2E420-E66A-4B63-88B4-387810FA91DF}.Release|Any CPU.Build.0 = Release|Any CPU
		{D06A78C7-3F3E-486A-B851-9C705B32ADF3}.Debug|Any CPU.ActiveCfg = Debug|Any CPU
		{D06A78C7-3F3E-486A-B851-9C705B32ADF3}.Debug|Any CPU.Build.0 = Debug|Any CPU
		{D06A78C7-3F3E-486A-B851-9C705B32ADF3}.Release|Any CPU.ActiveCfg = Release|Any CPU
		{D06A78C7-3F3E-486A-B851-9C705B32ADF3}.Release|Any CPU.Build.0 = Release|Any CPU
		{96753959-0ECA-41E1-8D03-86497C267CB8}.Debug|Any CPU.ActiveCfg = Debug|Any CPU
		{96753959-0ECA-41E1-8D03-86497C267CB8}.Debug|Any CPU.Build.0 = Debug|Any CPU
		{96753959-0ECA-41E1-8D03-86497C267CB8}.Release|Any CPU.ActiveCfg = Release|Any CPU
		{96753959-0ECA-41E1-8D03-86497C267CB8}.Release|Any CPU.Build.0 = Release|Any CPU
		{31608B7D-237E-4565-A4E0-1C9CA7023E12}.Debug|Any CPU.ActiveCfg = Debug|Any CPU
		{31608B7D-237E-4565-A4E0-1C9CA7023E12}.Debug|Any CPU.Build.0 = Debug|Any CPU
		{31608B7D-237E-4565-A4E0-1C9CA7023E12}.Release|Any CPU.ActiveCfg = Release|Any CPU
		{31608B7D-237E-4565-A4E0-1C9CA7023E12}.Release|Any CPU.Build.0 = Release|Any CPU
		{019CF2BD-A8B9-4437-B01B-7733CF27DB4C}.Debug|Any CPU.ActiveCfg = Debug|Any CPU
		{019CF2BD-A8B9-4437-B01B-7733CF27DB4C}.Debug|Any CPU.Build.0 = Debug|Any CPU
		{019CF2BD-A8B9-4437-B01B-7733CF27DB4C}.Release|Any CPU.ActiveCfg = Release|Any CPU
		{019CF2BD-A8B9-4437-B01B-7733CF27DB4C}.Release|Any CPU.Build.0 = Release|Any CPU
		{DAFDCA8B-A57F-4496-A4C8-39403A956507}.Debug|Any CPU.ActiveCfg = Debug|Any CPU
		{DAFDCA8B-A57F-4496-A4C8-39403A956507}.Debug|Any CPU.Build.0 = Debug|Any CPU
		{DAFDCA8B-A57F-4496-A4C8-39403A956507}.Release|Any CPU.ActiveCfg = Release|Any CPU
		{DAFDCA8B-A57F-4496-A4C8-39403A956507}.Release|Any CPU.Build.0 = Release|Any CPU
		{99E7E522-F52B-40B0-B757-A62ADA55C916}.Debug|Any CPU.ActiveCfg = Debug|Any CPU
		{99E7E522-F52B-40B0-B757-A62ADA55C916}.Debug|Any CPU.Build.0 = Debug|Any CPU
		{99E7E522-F52B-40B0-B757-A62ADA55C916}.Release|Any CPU.ActiveCfg = Release|Any CPU
		{99E7E522-F52B-40B0-B757-A62ADA55C916}.Release|Any CPU.Build.0 = Release|Any CPU
		{55679B4E-2818-41C7-8007-5B192FC48C6B}.Debug|Any CPU.ActiveCfg = Debug|Any CPU
		{55679B4E-2818-41C7-8007-5B192FC48C6B}.Debug|Any CPU.Build.0 = Debug|Any CPU
		{55679B4E-2818-41C7-8007-5B192FC48C6B}.Release|Any CPU.ActiveCfg = Release|Any CPU
		{55679B4E-2818-41C7-8007-5B192FC48C6B}.Release|Any CPU.Build.0 = Release|Any CPU
		{69F17C7F-ED14-46EA-B05E-561CF03FE3C4}.Debug|Any CPU.ActiveCfg = Debug|Any CPU
		{69F17C7F-ED14-46EA-B05E-561CF03FE3C4}.Debug|Any CPU.Build.0 = Debug|Any CPU
		{69F17C7F-ED14-46EA-B05E-561CF03FE3C4}.Release|Any CPU.ActiveCfg = Release|Any CPU
		{69F17C7F-ED14-46EA-B05E-561CF03FE3C4}.Release|Any CPU.Build.0 = Release|Any CPU
		{8BB9D1AE-97E2-4A72-BC82-1BA64D33CA4E}.Debug|Any CPU.ActiveCfg = Debug|Any CPU
		{8BB9D1AE-97E2-4A72-BC82-1BA64D33CA4E}.Debug|Any CPU.Build.0 = Debug|Any CPU
		{8BB9D1AE-97E2-4A72-BC82-1BA64D33CA4E}.Release|Any CPU.ActiveCfg = Release|Any CPU
		{8BB9D1AE-97E2-4A72-BC82-1BA64D33CA4E}.Release|Any CPU.Build.0 = Release|Any CPU
		{E75B6560-E987-4008-817F-506ACC3B056C}.Debug|Any CPU.ActiveCfg = Debug|Any CPU
		{E75B6560-E987-4008-817F-506ACC3B056C}.Debug|Any CPU.Build.0 = Debug|Any CPU
		{E75B6560-E987-4008-817F-506ACC3B056C}.Release|Any CPU.ActiveCfg = Release|Any CPU
		{E75B6560-E987-4008-817F-506ACC3B056C}.Release|Any CPU.Build.0 = Release|Any CPU
		{7E65ACB3-8E6C-421F-B0E3-CF4F3C931AC6}.Debug|Any CPU.ActiveCfg = Debug|Any CPU
		{7E65ACB3-8E6C-421F-B0E3-CF4F3C931AC6}.Debug|Any CPU.Build.0 = Debug|Any CPU
		{7E65ACB3-8E6C-421F-B0E3-CF4F3C931AC6}.Release|Any CPU.ActiveCfg = Release|Any CPU
		{7E65ACB3-8E6C-421F-B0E3-CF4F3C931AC6}.Release|Any CPU.Build.0 = Release|Any CPU
		{D5226D71-6244-453D-AE2E-C1CA772F8417}.Debug|Any CPU.ActiveCfg = Debug|Any CPU
		{D5226D71-6244-453D-AE2E-C1CA772F8417}.Debug|Any CPU.Build.0 = Debug|Any CPU
		{D5226D71-6244-453D-AE2E-C1CA772F8417}.Release|Any CPU.ActiveCfg = Release|Any CPU
		{D5226D71-6244-453D-AE2E-C1CA772F8417}.Release|Any CPU.Build.0 = Release|Any CPU
		{FF5EE6C8-6BE8-4C1A-912F-202E28A51D46}.Debug|Any CPU.ActiveCfg = Debug|Any CPU
		{FF5EE6C8-6BE8-4C1A-912F-202E28A51D46}.Debug|Any CPU.Build.0 = Debug|Any CPU
		{FF5EE6C8-6BE8-4C1A-912F-202E28A51D46}.Release|Any CPU.ActiveCfg = Release|Any CPU
		{FF5EE6C8-6BE8-4C1A-912F-202E28A51D46}.Release|Any CPU.Build.0 = Release|Any CPU
		{104DDA79-1B8F-42D2-967D-A1C5465BA8C4}.Debug|Any CPU.ActiveCfg = Debug|Any CPU
		{104DDA79-1B8F-42D2-967D-A1C5465BA8C4}.Debug|Any CPU.Build.0 = Debug|Any CPU
		{104DDA79-1B8F-42D2-967D-A1C5465BA8C4}.Release|Any CPU.ActiveCfg = Release|Any CPU
		{104DDA79-1B8F-42D2-967D-A1C5465BA8C4}.Release|Any CPU.Build.0 = Release|Any CPU
		{422671AA-8039-4E05-AC32-D773714A1425}.Debug|Any CPU.ActiveCfg = Debug|Any CPU
		{422671AA-8039-4E05-AC32-D773714A1425}.Debug|Any CPU.Build.0 = Debug|Any CPU
		{422671AA-8039-4E05-AC32-D773714A1425}.Release|Any CPU.ActiveCfg = Release|Any CPU
		{422671AA-8039-4E05-AC32-D773714A1425}.Release|Any CPU.Build.0 = Release|Any CPU
		{E818BCBE-BA75-4AEC-9A13-415D8FEACB32}.Debug|Any CPU.ActiveCfg = Debug|Any CPU
		{E818BCBE-BA75-4AEC-9A13-415D8FEACB32}.Debug|Any CPU.Build.0 = Debug|Any CPU
		{E818BCBE-BA75-4AEC-9A13-415D8FEACB32}.Release|Any CPU.ActiveCfg = Release|Any CPU
		{E818BCBE-BA75-4AEC-9A13-415D8FEACB32}.Release|Any CPU.Build.0 = Release|Any CPU
		{309D17CD-A3C9-4872-B788-42A077A0F4A7}.Debug|Any CPU.ActiveCfg = Debug|Any CPU
		{309D17CD-A3C9-4872-B788-42A077A0F4A7}.Debug|Any CPU.Build.0 = Debug|Any CPU
		{309D17CD-A3C9-4872-B788-42A077A0F4A7}.Release|Any CPU.ActiveCfg = Release|Any CPU
		{309D17CD-A3C9-4872-B788-42A077A0F4A7}.Release|Any CPU.Build.0 = Release|Any CPU
		{FF88C219-C814-4748-BE22-FD8AC69B6C51}.Debug|Any CPU.ActiveCfg = Debug|Any CPU
		{FF88C219-C814-4748-BE22-FD8AC69B6C51}.Debug|Any CPU.Build.0 = Debug|Any CPU
		{FF88C219-C814-4748-BE22-FD8AC69B6C51}.Release|Any CPU.ActiveCfg = Release|Any CPU
		{FF88C219-C814-4748-BE22-FD8AC69B6C51}.Release|Any CPU.Build.0 = Release|Any CPU
		{5B759760-879E-4754-96D8-3295722D3580}.Debug|Any CPU.ActiveCfg = Debug|Any CPU
		{5B759760-879E-4754-96D8-3295722D3580}.Debug|Any CPU.Build.0 = Debug|Any CPU
		{5B759760-879E-4754-96D8-3295722D3580}.Release|Any CPU.ActiveCfg = Release|Any CPU
		{5B759760-879E-4754-96D8-3295722D3580}.Release|Any CPU.Build.0 = Release|Any CPU
		{554D39F8-3774-48BA-8BE2-544A271B7EEA}.Debug|Any CPU.ActiveCfg = Debug|Any CPU
		{554D39F8-3774-48BA-8BE2-544A271B7EEA}.Debug|Any CPU.Build.0 = Debug|Any CPU
		{554D39F8-3774-48BA-8BE2-544A271B7EEA}.Release|Any CPU.ActiveCfg = Release|Any CPU
		{554D39F8-3774-48BA-8BE2-544A271B7EEA}.Release|Any CPU.Build.0 = Release|Any CPU
		{6B90B546-3884-4D3B-974B-385A5790A296}.Debug|Any CPU.ActiveCfg = Debug|Any CPU
		{6B90B546-3884-4D3B-974B-385A5790A296}.Debug|Any CPU.Build.0 = Debug|Any CPU
		{6B90B546-3884-4D3B-974B-385A5790A296}.Release|Any CPU.ActiveCfg = Release|Any CPU
		{6B90B546-3884-4D3B-974B-385A5790A296}.Release|Any CPU.Build.0 = Release|Any CPU
		{6D0212A6-FCE4-4795-B76A-3C200213A43B}.Debug|Any CPU.ActiveCfg = Debug|Any CPU
		{6D0212A6-FCE4-4795-B76A-3C200213A43B}.Debug|Any CPU.Build.0 = Debug|Any CPU
		{6D0212A6-FCE4-4795-B76A-3C200213A43B}.Release|Any CPU.ActiveCfg = Release|Any CPU
		{6D0212A6-FCE4-4795-B76A-3C200213A43B}.Release|Any CPU.Build.0 = Release|Any CPU
		{980EB978-3E1F-46D6-827A-4CBB0C5C0074}.Debug|Any CPU.ActiveCfg = Debug|Any CPU
		{980EB978-3E1F-46D6-827A-4CBB0C5C0074}.Debug|Any CPU.Build.0 = Debug|Any CPU
		{980EB978-3E1F-46D6-827A-4CBB0C5C0074}.Release|Any CPU.ActiveCfg = Release|Any CPU
		{980EB978-3E1F-46D6-827A-4CBB0C5C0074}.Release|Any CPU.Build.0 = Release|Any CPU
		{F65C5EBB-1A28-4673-AC2D-08C623919AFD}.Debug|Any CPU.ActiveCfg = Debug|Any CPU
		{F65C5EBB-1A28-4673-AC2D-08C623919AFD}.Debug|Any CPU.Build.0 = Debug|Any CPU
		{F65C5EBB-1A28-4673-AC2D-08C623919AFD}.Release|Any CPU.ActiveCfg = Release|Any CPU
		{F65C5EBB-1A28-4673-AC2D-08C623919AFD}.Release|Any CPU.Build.0 = Release|Any CPU
		{3878EDEB-535F-44FE-AC92-EBCCAB0E2703}.Debug|Any CPU.ActiveCfg = Debug|Any CPU
		{3878EDEB-535F-44FE-AC92-EBCCAB0E2703}.Debug|Any CPU.Build.0 = Debug|Any CPU
		{3878EDEB-535F-44FE-AC92-EBCCAB0E2703}.Release|Any CPU.ActiveCfg = Release|Any CPU
		{3878EDEB-535F-44FE-AC92-EBCCAB0E2703}.Release|Any CPU.Build.0 = Release|Any CPU
		{7AEC31D5-4EA2-4905-8EA1-314290AA5C0C}.Debug|Any CPU.ActiveCfg = Debug|Any CPU
		{7AEC31D5-4EA2-4905-8EA1-314290AA5C0C}.Debug|Any CPU.Build.0 = Debug|Any CPU
		{7AEC31D5-4EA2-4905-8EA1-314290AA5C0C}.Release|Any CPU.ActiveCfg = Release|Any CPU
		{7AEC31D5-4EA2-4905-8EA1-314290AA5C0C}.Release|Any CPU.Build.0 = Release|Any CPU
		{57ED0EE2-080C-4E24-881E-7C40A7722163}.Debug|Any CPU.ActiveCfg = Debug|Any CPU
		{57ED0EE2-080C-4E24-881E-7C40A7722163}.Debug|Any CPU.Build.0 = Debug|Any CPU
		{57ED0EE2-080C-4E24-881E-7C40A7722163}.Release|Any CPU.ActiveCfg = Release|Any CPU
		{57ED0EE2-080C-4E24-881E-7C40A7722163}.Release|Any CPU.Build.0 = Release|Any CPU
		{A7EC9693-D885-4833-8A83-F8E83AFF8BFA}.Debug|Any CPU.ActiveCfg = Debug|Any CPU
		{A7EC9693-D885-4833-8A83-F8E83AFF8BFA}.Debug|Any CPU.Build.0 = Debug|Any CPU
		{A7EC9693-D885-4833-8A83-F8E83AFF8BFA}.Release|Any CPU.ActiveCfg = Release|Any CPU
		{A7EC9693-D885-4833-8A83-F8E83AFF8BFA}.Release|Any CPU.Build.0 = Release|Any CPU
		{76B808A5-1095-433A-9A3A-41740EB8EF26}.Debug|Any CPU.ActiveCfg = Debug|Any CPU
		{76B808A5-1095-433A-9A3A-41740EB8EF26}.Debug|Any CPU.Build.0 = Debug|Any CPU
		{76B808A5-1095-433A-9A3A-41740EB8EF26}.Release|Any CPU.ActiveCfg = Release|Any CPU
		{76B808A5-1095-433A-9A3A-41740EB8EF26}.Release|Any CPU.Build.0 = Release|Any CPU
		{0B4683B4-269E-4413-8EBC-79BAFABCF17E}.Debug|Any CPU.ActiveCfg = Debug|Any CPU
		{0B4683B4-269E-4413-8EBC-79BAFABCF17E}.Debug|Any CPU.Build.0 = Debug|Any CPU
		{0B4683B4-269E-4413-8EBC-79BAFABCF17E}.Release|Any CPU.ActiveCfg = Release|Any CPU
		{0B4683B4-269E-4413-8EBC-79BAFABCF17E}.Release|Any CPU.Build.0 = Release|Any CPU
		{9A60B276-B63E-4B1A-A683-BD671F9DBC43}.Debug|Any CPU.ActiveCfg = Debug|Any CPU
		{9A60B276-B63E-4B1A-A683-BD671F9DBC43}.Debug|Any CPU.Build.0 = Debug|Any CPU
		{9A60B276-B63E-4B1A-A683-BD671F9DBC43}.Release|Any CPU.ActiveCfg = Release|Any CPU
		{9A60B276-B63E-4B1A-A683-BD671F9DBC43}.Release|Any CPU.Build.0 = Release|Any CPU
		{0839D343-11E3-43F7-9346-923E44AB64CC}.Debug|Any CPU.ActiveCfg = Debug|Any CPU
		{0839D343-11E3-43F7-9346-923E44AB64CC}.Debug|Any CPU.Build.0 = Debug|Any CPU
		{0839D343-11E3-43F7-9346-923E44AB64CC}.Release|Any CPU.ActiveCfg = Release|Any CPU
		{0839D343-11E3-43F7-9346-923E44AB64CC}.Release|Any CPU.Build.0 = Release|Any CPU
		{15B402B1-6EC9-40A4-A47E-940D8C20CFB9}.Debug|Any CPU.ActiveCfg = Debug|Any CPU
		{15B402B1-6EC9-40A4-A47E-940D8C20CFB9}.Debug|Any CPU.Build.0 = Debug|Any CPU
		{15B402B1-6EC9-40A4-A47E-940D8C20CFB9}.Release|Any CPU.ActiveCfg = Release|Any CPU
		{15B402B1-6EC9-40A4-A47E-940D8C20CFB9}.Release|Any CPU.Build.0 = Release|Any CPU
	EndGlobalSection
	GlobalSection(SolutionProperties) = preSolution
		HideSolutionNode = FALSE
	EndGlobalSection
EndGlobal
